
Microsoft Visual Studio Solution File, Format Version 12.00
# Visual Studio Version 16
VisualStudioVersion = 16.0.29911.84
MinimumVisualStudioVersion = 10.0.40219.1
Project("{2150E333-8FDC-42A3-9474-1A3956D46DE8}") = "Services", "Services", "{032262A7-CE59-49D5-AA57-A43FF25D6C24}"
EndProject
Project("{2150E333-8FDC-42A3-9474-1A3956D46DE8}") = "WebApps", "WebApps", "{1D725785-D4D8-4A88-8A5A-5CF50CE68F86}"
EndProject
Project("{2150E333-8FDC-42A3-9474-1A3956D46DE8}") = "Cadastros", "Cadastros", "{DB624FB0-3AE8-4E5B-9C55-F56581E8B928}"
EndProject
Project("{2150E333-8FDC-42A3-9474-1A3956D46DE8}") = "Catalogo", "Catalogo", "{7CA4AF5C-747B-4968-AB9C-DD7581B4A0AA}"
EndProject
Project("{2150E333-8FDC-42A3-9474-1A3956D46DE8}") = "Core", "Core", "{2EF80EDB-D4B0-4995-A423-AB4D41DFD640}"
EndProject
Project("{2150E333-8FDC-42A3-9474-1A3956D46DE8}") = "Fiscal", "Fiscal", "{AA0DE13A-5161-45E6-897B-3475DDD50EDA}"
EndProject
Project("{2150E333-8FDC-42A3-9474-1A3956D46DE8}") = "Pagamentos", "Pagamentos", "{8DD29C1A-7BB7-4823-A34A-6F7EDCFF72E1}"
EndProject
Project("{2150E333-8FDC-42A3-9474-1A3956D46DE8}") = "Vendas", "Vendas", "{3E85FD02-5650-42A8-9E23-E7E0D1E4FA2C}"
EndProject
Project("{9A19103F-16F7-4668-BE54-9A1E7A4F7556}") = "NerdStore.Catalogo.Domain", "src\NerdStore.Catalogo.Domain\NerdStore.Catalogo.Domain.csproj", "{92D55F7B-DE7A-4AB3-BC40-9E7BF81601B8}"
EndProject
Project("{9A19103F-16F7-4668-BE54-9A1E7A4F7556}") = "NerdStore.Core", "src\NerdStore.Core\NerdStore.Core.csproj", "{BCCFFF2C-C18E-4AED-BA8A-CC021EAE6367}"
EndProject
Project("{2150E333-8FDC-42A3-9474-1A3956D46DE8}") = "Tests", "Tests", "{2F529170-210F-410C-91DD-5822CAA948B7}"
EndProject
Project("{9A19103F-16F7-4668-BE54-9A1E7A4F7556}") = "NerdStore.Catalogo.Domain.Tests", "tests\NerdStore.Catalogo.Domain.Tests\NerdStore.Catalogo.Domain.Tests.csproj", "{7D839C36-5AC3-469D-9949-FC6F3B9D4D22}"
EndProject
Project("{9A19103F-16F7-4668-BE54-9A1E7A4F7556}") = "NerdStore.Catalogo.Data", "src\NerdStore.Catalogo.Data\NerdStore.Catalogo.Data.csproj", "{012351CA-5EF5-46BC-B4C7-4BABA6830483}"
EndProject
Project("{9A19103F-16F7-4668-BE54-9A1E7A4F7556}") = "NerdStore.Catalogo.Application", "src\NerdStore.Catalogo.Application\NerdStore.Catalogo.Application.csproj", "{CD406606-D9D4-4D27-98A4-144F19A08E88}"
EndProject
Project("{9A19103F-16F7-4668-BE54-9A1E7A4F7556}") = "NerdStore.WebApp.MVC", "src\NerdStore.WebApp.MVC\NerdStore.WebApp.MVC.csproj", "{5ED0A558-3733-418F-8E87-0D2D5EDFF636}"
EndProject
Project("{9A19103F-16F7-4668-BE54-9A1E7A4F7556}") = "NerdStore.Vendas.Domain", "src\NerdStore.Vendas.Domain\NerdStore.Vendas.Domain.csproj", "{0FA5ED6F-F446-4493-80A5-0E18C32BC39F}"
EndProject
Project("{9A19103F-16F7-4668-BE54-9A1E7A4F7556}") = "NerdStore.Vendas.Application", "src\NerdStore.Vendas.Application\NerdStore.Vendas.Application.csproj", "{06070633-1055-49E1-BCB5-CCB601D29823}"
EndProject
Project("{9A19103F-16F7-4668-BE54-9A1E7A4F7556}") = "NerdStore.Vendas.Data", "src\NerdStore.Vendas.Data\NerdStore.Vendas.Data.csproj", "{5BB6BD0D-CE75-4AB9-81CD-BAD8105852AA}"
EndProject
Project("{9A19103F-16F7-4668-BE54-9A1E7A4F7556}") = "NerdStore.Pagamentos.AntiCorruption", "src\NerdStore.Pagamentos.AntiCorruption\NerdStore.Pagamentos.AntiCorruption.csproj", "{F0E0A7E2-3321-46CA-A0E9-DD8D00365F0D}"
EndProject
Project("{9A19103F-16F7-4668-BE54-9A1E7A4F7556}") = "NerdStore.Pagamentos.Business", "src\NerdStore.Pagamentos.Business\NerdStore.Pagamentos.Business.csproj", "{BA5E1B4A-BF12-4F68-B84E-4F60006A823D}"
EndProject
Project("{9A19103F-16F7-4668-BE54-9A1E7A4F7556}") = "NerdStore.Pagamentos.Data", "src\NerdStore.Pagamentos.Data\NerdStore.Pagamentos.Data.csproj", "{003CFF22-2D49-4A32-BF40-B0C88D027123}"
EndProject
Project("{2150E333-8FDC-42A3-9474-1A3956D46DE8}") = "BuildingBlocks", "BuildingBlocks", "{ECEC2CCE-13AC-439C-B574-84E7A6FC0ED4}"
EndProject
Project("{FAE04EC0-301F-11D3-BF4B-00C04F79EFBC}") = "EventSourcing", "src\EventSourcing\EventSourcing.csproj", "{57727D00-11E0-46A1-9E68-5224A15A225A}"
EndProject
Global
	GlobalSection(SolutionConfigurationPlatforms) = preSolution
		Debug|Any CPU = Debug|Any CPU
		Release|Any CPU = Release|Any CPU
	EndGlobalSection
	GlobalSection(ProjectConfigurationPlatforms) = postSolution
		{92D55F7B-DE7A-4AB3-BC40-9E7BF81601B8}.Debug|Any CPU.ActiveCfg = Debug|Any CPU
		{92D55F7B-DE7A-4AB3-BC40-9E7BF81601B8}.Debug|Any CPU.Build.0 = Debug|Any CPU
		{92D55F7B-DE7A-4AB3-BC40-9E7BF81601B8}.Release|Any CPU.ActiveCfg = Release|Any CPU
		{92D55F7B-DE7A-4AB3-BC40-9E7BF81601B8}.Release|Any CPU.Build.0 = Release|Any CPU
		{BCCFFF2C-C18E-4AED-BA8A-CC021EAE6367}.Debug|Any CPU.ActiveCfg = Debug|Any CPU
		{BCCFFF2C-C18E-4AED-BA8A-CC021EAE6367}.Debug|Any CPU.Build.0 = Debug|Any CPU
		{BCCFFF2C-C18E-4AED-BA8A-CC021EAE6367}.Release|Any CPU.ActiveCfg = Release|Any CPU
		{BCCFFF2C-C18E-4AED-BA8A-CC021EAE6367}.Release|Any CPU.Build.0 = Release|Any CPU
		{7D839C36-5AC3-469D-9949-FC6F3B9D4D22}.Debug|Any CPU.ActiveCfg = Debug|Any CPU
		{7D839C36-5AC3-469D-9949-FC6F3B9D4D22}.Debug|Any CPU.Build.0 = Debug|Any CPU
		{7D839C36-5AC3-469D-9949-FC6F3B9D4D22}.Release|Any CPU.ActiveCfg = Release|Any CPU
		{7D839C36-5AC3-469D-9949-FC6F3B9D4D22}.Release|Any CPU.Build.0 = Release|Any CPU
		{012351CA-5EF5-46BC-B4C7-4BABA6830483}.Debug|Any CPU.ActiveCfg = Debug|Any CPU
		{012351CA-5EF5-46BC-B4C7-4BABA6830483}.Debug|Any CPU.Build.0 = Debug|Any CPU
		{012351CA-5EF5-46BC-B4C7-4BABA6830483}.Release|Any CPU.ActiveCfg = Release|Any CPU
		{012351CA-5EF5-46BC-B4C7-4BABA6830483}.Release|Any CPU.Build.0 = Release|Any CPU
		{CD406606-D9D4-4D27-98A4-144F19A08E88}.Debug|Any CPU.ActiveCfg = Debug|Any CPU
		{CD406606-D9D4-4D27-98A4-144F19A08E88}.Debug|Any CPU.Build.0 = Debug|Any CPU
		{CD406606-D9D4-4D27-98A4-144F19A08E88}.Release|Any CPU.ActiveCfg = Release|Any CPU
		{CD406606-D9D4-4D27-98A4-144F19A08E88}.Release|Any CPU.Build.0 = Release|Any CPU
		{5ED0A558-3733-418F-8E87-0D2D5EDFF636}.Debug|Any CPU.ActiveCfg = Debug|Any CPU
		{5ED0A558-3733-418F-8E87-0D2D5EDFF636}.Debug|Any CPU.Build.0 = Debug|Any CPU
		{5ED0A558-3733-418F-8E87-0D2D5EDFF636}.Release|Any CPU.ActiveCfg = Release|Any CPU
		{5ED0A558-3733-418F-8E87-0D2D5EDFF636}.Release|Any CPU.Build.0 = Release|Any CPU
		{0FA5ED6F-F446-4493-80A5-0E18C32BC39F}.Debug|Any CPU.ActiveCfg = Debug|Any CPU
		{0FA5ED6F-F446-4493-80A5-0E18C32BC39F}.Debug|Any CPU.Build.0 = Debug|Any CPU
		{0FA5ED6F-F446-4493-80A5-0E18C32BC39F}.Release|Any CPU.ActiveCfg = Release|Any CPU
		{0FA5ED6F-F446-4493-80A5-0E18C32BC39F}.Release|Any CPU.Build.0 = Release|Any CPU
		{06070633-1055-49E1-BCB5-CCB601D29823}.Debug|Any CPU.ActiveCfg = Debug|Any CPU
		{06070633-1055-49E1-BCB5-CCB601D29823}.Debug|Any CPU.Build.0 = Debug|Any CPU
		{06070633-1055-49E1-BCB5-CCB601D29823}.Release|Any CPU.ActiveCfg = Release|Any CPU
		{06070633-1055-49E1-BCB5-CCB601D29823}.Release|Any CPU.Build.0 = Release|Any CPU
		{5BB6BD0D-CE75-4AB9-81CD-BAD8105852AA}.Debug|Any CPU.ActiveCfg = Debug|Any CPU
		{5BB6BD0D-CE75-4AB9-81CD-BAD8105852AA}.Debug|Any CPU.Build.0 = Debug|Any CPU
		{5BB6BD0D-CE75-4AB9-81CD-BAD8105852AA}.Release|Any CPU.ActiveCfg = Release|Any CPU
		{5BB6BD0D-CE75-4AB9-81CD-BAD8105852AA}.Release|Any CPU.Build.0 = Release|Any CPU
		{F0E0A7E2-3321-46CA-A0E9-DD8D00365F0D}.Debug|Any CPU.ActiveCfg = Debug|Any CPU
		{F0E0A7E2-3321-46CA-A0E9-DD8D00365F0D}.Debug|Any CPU.Build.0 = Debug|Any CPU
		{F0E0A7E2-3321-46CA-A0E9-DD8D00365F0D}.Release|Any CPU.ActiveCfg = Release|Any CPU
		{F0E0A7E2-3321-46CA-A0E9-DD8D00365F0D}.Release|Any CPU.Build.0 = Release|Any CPU
		{BA5E1B4A-BF12-4F68-B84E-4F60006A823D}.Debug|Any CPU.ActiveCfg = Debug|Any CPU
		{BA5E1B4A-BF12-4F68-B84E-4F60006A823D}.Debug|Any CPU.Build.0 = Debug|Any CPU
		{BA5E1B4A-BF12-4F68-B84E-4F60006A823D}.Release|Any CPU.ActiveCfg = Release|Any CPU
		{BA5E1B4A-BF12-4F68-B84E-4F60006A823D}.Release|Any CPU.Build.0 = Release|Any CPU
		{003CFF22-2D49-4A32-BF40-B0C88D027123}.Debug|Any CPU.ActiveCfg = Debug|Any CPU
		{003CFF22-2D49-4A32-BF40-B0C88D027123}.Debug|Any CPU.Build.0 = Debug|Any CPU
		{003CFF22-2D49-4A32-BF40-B0C88D027123}.Release|Any CPU.ActiveCfg = Release|Any CPU
		{003CFF22-2D49-4A32-BF40-B0C88D027123}.Release|Any CPU.Build.0 = Release|Any CPU
		{57727D00-11E0-46A1-9E68-5224A15A225A}.Debug|Any CPU.ActiveCfg = Debug|Any CPU
		{57727D00-11E0-46A1-9E68-5224A15A225A}.Debug|Any CPU.Build.0 = Debug|Any CPU
		{57727D00-11E0-46A1-9E68-5224A15A225A}.Release|Any CPU.ActiveCfg = Release|Any CPU
		{57727D00-11E0-46A1-9E68-5224A15A225A}.Release|Any CPU.Build.0 = Release|Any CPU
	EndGlobalSection
	GlobalSection(SolutionProperties) = preSolution
		HideSolutionNode = FALSE
	EndGlobalSection
	GlobalSection(NestedProjects) = preSolution
		{DB624FB0-3AE8-4E5B-9C55-F56581E8B928} = {032262A7-CE59-49D5-AA57-A43FF25D6C24}
		{7CA4AF5C-747B-4968-AB9C-DD7581B4A0AA} = {032262A7-CE59-49D5-AA57-A43FF25D6C24}
		{2EF80EDB-D4B0-4995-A423-AB4D41DFD640} = {032262A7-CE59-49D5-AA57-A43FF25D6C24}
		{AA0DE13A-5161-45E6-897B-3475DDD50EDA} = {032262A7-CE59-49D5-AA57-A43FF25D6C24}
		{8DD29C1A-7BB7-4823-A34A-6F7EDCFF72E1} = {032262A7-CE59-49D5-AA57-A43FF25D6C24}
		{3E85FD02-5650-42A8-9E23-E7E0D1E4FA2C} = {032262A7-CE59-49D5-AA57-A43FF25D6C24}
		{92D55F7B-DE7A-4AB3-BC40-9E7BF81601B8} = {7CA4AF5C-747B-4968-AB9C-DD7581B4A0AA}
		{BCCFFF2C-C18E-4AED-BA8A-CC021EAE6367} = {2EF80EDB-D4B0-4995-A423-AB4D41DFD640}
		{2F529170-210F-410C-91DD-5822CAA948B7} = {7CA4AF5C-747B-4968-AB9C-DD7581B4A0AA}
		{7D839C36-5AC3-469D-9949-FC6F3B9D4D22} = {2F529170-210F-410C-91DD-5822CAA948B7}
		{012351CA-5EF5-46BC-B4C7-4BABA6830483} = {7CA4AF5C-747B-4968-AB9C-DD7581B4A0AA}
		{CD406606-D9D4-4D27-98A4-144F19A08E88} = {7CA4AF5C-747B-4968-AB9C-DD7581B4A0AA}
		{5ED0A558-3733-418F-8E87-0D2D5EDFF636} = {1D725785-D4D8-4A88-8A5A-5CF50CE68F86}
		{0FA5ED6F-F446-4493-80A5-0E18C32BC39F} = {3E85FD02-5650-42A8-9E23-E7E0D1E4FA2C}
		{06070633-1055-49E1-BCB5-CCB601D29823} = {3E85FD02-5650-42A8-9E23-E7E0D1E4FA2C}
		{5BB6BD0D-CE75-4AB9-81CD-BAD8105852AA} = {3E85FD02-5650-42A8-9E23-E7E0D1E4FA2C}
		{F0E0A7E2-3321-46CA-A0E9-DD8D00365F0D} = {8DD29C1A-7BB7-4823-A34A-6F7EDCFF72E1}
		{BA5E1B4A-BF12-4F68-B84E-4F60006A823D} = {8DD29C1A-7BB7-4823-A34A-6F7EDCFF72E1}
		{003CFF22-2D49-4A32-BF40-B0C88D027123} = {8DD29C1A-7BB7-4823-A34A-6F7EDCFF72E1}
		{57727D00-11E0-46A1-9E68-5224A15A225A} = {ECEC2CCE-13AC-439C-B574-84E7A6FC0ED4}
	EndGlobalSection
	GlobalSection(ExtensibilityGlobals) = postSolution
		SolutionGuid = {18013E0B-A79C-4E62-9F30-EFCBFFE411B2}
	EndGlobalSection
EndGlobal
